
Microsoft Visual Studio Solution File, Format Version 12.00
# Visual Studio Version 17
VisualStudioVersion = 17.0.31903.59
MinimumVisualStudioVersion = 10.0.40219.1
Project("{2150E333-8FDC-42A3-9474-1A3956D46DE8}") = "Modulo 05 - Linguagem de Programacao", "Modulo 05 - Linguagem de Programacao", "{F1D6E860-8136-480E-A8AE-70601000040A}"
EndProject
Project("{FAE04EC0-301F-11D3-BF4B-00C04F79EFBC}") = "BuiltInTypes", "Modulo 05 - Linguagem de Programacao\BuiltInTypes\BuiltInTypes.csproj", "{95F0244D-8B11-47E8-88D6-081042FA4007}"
EndProject
Project("{FAE04EC0-301F-11D3-BF4B-00C04F79EFBC}") = "Constantes", "Modulo 05 - Linguagem de Programacao\Constantes\Constantes.csproj", "{9FDFD88B-A69B-4209-BE49-ABEBD54780F7}"
EndProject
Project("{FAE04EC0-301F-11D3-BF4B-00C04F79EFBC}") = "ConversaoDeTipos", "Modulo 05 - Linguagem de Programacao\ConversaoDeTipos\ConversaoDeTipos.csproj", "{ED166385-8414-4CC9-B52F-F0457DE7EAAB}"
EndProject
Project("{FAE04EC0-301F-11D3-BF4B-00C04F79EFBC}") = "MetodosEFuncoes", "Modulo 05 - Linguagem de Programacao\MetodosEFuncoes\MetodosEFuncoes.csproj", "{617499FD-88BC-4A2F-98A2-B9FCF9C7B39F}"
EndProject
Project("{FAE04EC0-301F-11D3-BF4B-00C04F79EFBC}") = "NullableTypes", "Modulo 05 - Linguagem de Programacao\NullableTypes\NullableTypes.csproj", "{A992C9C1-95C4-41E3-B689-5D30080415D0}"
EndProject
Project("{FAE04EC0-301F-11D3-BF4B-00C04F79EFBC}") = "TiposDeOperadores", "Modulo 05 - Linguagem de Programacao\TiposDeOperadores\TiposDeOperadores.csproj", "{64A0A1B6-85D5-48B4-880D-8791B2D84D40}"
EndProject
Project("{FAE04EC0-301F-11D3-BF4B-00C04F79EFBC}") = "Variaveis", "Modulo 05 - Linguagem de Programacao\Variaveis\Variaveis.csproj", "{1F75F7F4-F3E1-475F-9654-BFDC45FB4A76}"
EndProject
Project("{FAE04EC0-301F-11D3-BF4B-00C04F79EFBC}") = "ValueTypesAndReferenceTypes", "Modulo 05 - Linguagem de Programacao\ValueTypesAndReferenceTypes\ValueTypesAndReferenceTypes.csproj", "{686CB91C-2C95-42B7-BF5B-938616816744}"
EndProject
Project("{FAE04EC0-301F-11D3-BF4B-00C04F79EFBC}") = "Structs", "Modulo 05 - Linguagem de Programacao\Structs\Structs.csproj", "{CB3D6C33-0378-4621-BA3B-888551571428}"
EndProject
Project("{FAE04EC0-301F-11D3-BF4B-00C04F79EFBC}") = "Calculator", "Modulo 06 - Calculator\Calculator.csproj", "{F8DAFC10-1565-4BD0-9B82-D6F161B07503}"
EndProject
Project("{FAE04EC0-301F-11D3-BF4B-00C04F79EFBC}") = "Stopwatch", "Modulo 08 - Stopwatch\Stopwatch.csproj", "{0061A201-03F8-4EF0-AB7C-A2156D69997E}"
EndProject
Project("{2150E333-8FDC-42A3-9474-1A3956D46DE8}") = "Modulo 07 - TextEditor", "Modulo 07 - TextEditor", "{BCC0B31E-0EB0-4260-9A6B-3BD2AA84E4C7}"
EndProject
Project("{FAE04EC0-301F-11D3-BF4B-00C04F79EFBC}") = "TextEditor", "Modulo 07 - TextEditor\TextEditor\TextEditor.csproj", "{984F7328-3BB4-4B63-8CCA-709E60960C0B}"
EndProject
Project("{2150E333-8FDC-42A3-9474-1A3956D46DE8}") = "Modulo 09 - Strings", "Modulo 09 - Strings", "{4AC1F604-6BD0-4529-A854-C4CD32FA22DA}"
EndProject
Project("{FAE04EC0-301F-11D3-BF4B-00C04F79EFBC}") = "MyApp", "Modulo 09 - Strings\MyApp\MyApp.csproj", "{1074CFF3-C229-4504-89BC-0B0B83C2FB62}"
EndProject
Project("{2150E333-8FDC-42A3-9474-1A3956D46DE8}") = "Modulo 10 - EditorHTML", "Modulo 10 - EditorHTML", "{E0BEA75A-4C21-45A5-BC87-625C6A04EE4D}"
EndProject
Project("{FAE04EC0-301F-11D3-BF4B-00C04F79EFBC}") = "EditorHTML", "Modulo 10 - EditorHTML\EditorHTML\EditorHTML.csproj", "{CD164C8A-8047-4610-8081-458774269000}"
EndProject
Project("{2150E333-8FDC-42A3-9474-1A3956D46DE8}") = "Modulo 11 - Datas", "Modulo 11 - Datas", "{F091D492-8003-4D74-8FAC-4C7AC26002DE}"
EndProject
Project("{FAE04EC0-301F-11D3-BF4B-00C04F79EFBC}") = "DateTimes", "Modulo 11 - Datas\DateTimes\DateTimes.csproj", "{518707D4-1D8B-4B5C-B7A8-3390E2E75542}"
EndProject
Project("{2150E333-8FDC-42A3-9474-1A3956D46DE8}") = "Modulo 12 - Moedas", "Modulo 12 - Moedas", "{907A22BF-51AA-4196-B717-7A458B406DC7}"
EndProject
Project("{FAE04EC0-301F-11D3-BF4B-00C04F79EFBC}") = "Moedas", "Modulo 12 - Moedas\Moedas\Moedas.csproj", "{31D6F96B-0696-46B9-A61D-379AF6BDFEF7}"
EndProject
Project("{2150E333-8FDC-42A3-9474-1A3956D46DE8}") = "Modulo 13 - Arrays", "Modulo 13 - Arrays", "{92B51AB1-E349-4DCA-B203-E85111C1C7B1}"
EndProject
Project("{FAE04EC0-301F-11D3-BF4B-00C04F79EFBC}") = "Arrays", "Modulo 13 - Arrays\Arrays\Arrays.csproj", "{68128E8C-723A-40D0-9EE6-535FC62D4601}"
EndProject
Project("{2150E333-8FDC-42A3-9474-1A3956D46DE8}") = "Modulo 14 - Exceptions", "Modulo 14 - Exceptions", "{77BDC6C0-C1B9-45EA-A8EA-28A557EFBF49}"
EndProject
Project("{FAE04EC0-301F-11D3-BF4B-00C04F79EFBC}") = "Exceptions", "Modulo 14 - Exceptions\Exceptions\Exceptions.csproj", "{38DB7C76-FB26-48AE-87EF-9A5C9AE58D2A}"
EndProject
Global
	GlobalSection(SolutionConfigurationPlatforms) = preSolution
		Debug|Any CPU = Debug|Any CPU
		Release|Any CPU = Release|Any CPU
	EndGlobalSection
	GlobalSection(SolutionProperties) = preSolution
		HideSolutionNode = FALSE
	EndGlobalSection
	GlobalSection(ProjectConfigurationPlatforms) = postSolution
		{95F0244D-8B11-47E8-88D6-081042FA4007}.Debug|Any CPU.ActiveCfg = Debug|Any CPU
		{95F0244D-8B11-47E8-88D6-081042FA4007}.Debug|Any CPU.Build.0 = Debug|Any CPU
		{95F0244D-8B11-47E8-88D6-081042FA4007}.Release|Any CPU.ActiveCfg = Release|Any CPU
		{95F0244D-8B11-47E8-88D6-081042FA4007}.Release|Any CPU.Build.0 = Release|Any CPU
		{9FDFD88B-A69B-4209-BE49-ABEBD54780F7}.Debug|Any CPU.ActiveCfg = Debug|Any CPU
		{9FDFD88B-A69B-4209-BE49-ABEBD54780F7}.Debug|Any CPU.Build.0 = Debug|Any CPU
		{9FDFD88B-A69B-4209-BE49-ABEBD54780F7}.Release|Any CPU.ActiveCfg = Release|Any CPU
		{9FDFD88B-A69B-4209-BE49-ABEBD54780F7}.Release|Any CPU.Build.0 = Release|Any CPU
		{ED166385-8414-4CC9-B52F-F0457DE7EAAB}.Debug|Any CPU.ActiveCfg = Debug|Any CPU
		{ED166385-8414-4CC9-B52F-F0457DE7EAAB}.Debug|Any CPU.Build.0 = Debug|Any CPU
		{ED166385-8414-4CC9-B52F-F0457DE7EAAB}.Release|Any CPU.ActiveCfg = Release|Any CPU
		{ED166385-8414-4CC9-B52F-F0457DE7EAAB}.Release|Any CPU.Build.0 = Release|Any CPU
		{617499FD-88BC-4A2F-98A2-B9FCF9C7B39F}.Debug|Any CPU.ActiveCfg = Debug|Any CPU
		{617499FD-88BC-4A2F-98A2-B9FCF9C7B39F}.Debug|Any CPU.Build.0 = Debug|Any CPU
		{617499FD-88BC-4A2F-98A2-B9FCF9C7B39F}.Release|Any CPU.ActiveCfg = Release|Any CPU
		{617499FD-88BC-4A2F-98A2-B9FCF9C7B39F}.Release|Any CPU.Build.0 = Release|Any CPU
		{A992C9C1-95C4-41E3-B689-5D30080415D0}.Debug|Any CPU.ActiveCfg = Debug|Any CPU
		{A992C9C1-95C4-41E3-B689-5D30080415D0}.Debug|Any CPU.Build.0 = Debug|Any CPU
		{A992C9C1-95C4-41E3-B689-5D30080415D0}.Release|Any CPU.ActiveCfg = Release|Any CPU
		{A992C9C1-95C4-41E3-B689-5D30080415D0}.Release|Any CPU.Build.0 = Release|Any CPU
		{64A0A1B6-85D5-48B4-880D-8791B2D84D40}.Debug|Any CPU.ActiveCfg = Debug|Any CPU
		{64A0A1B6-85D5-48B4-880D-8791B2D84D40}.Debug|Any CPU.Build.0 = Debug|Any CPU
		{64A0A1B6-85D5-48B4-880D-8791B2D84D40}.Release|Any CPU.ActiveCfg = Release|Any CPU
		{64A0A1B6-85D5-48B4-880D-8791B2D84D40}.Release|Any CPU.Build.0 = Release|Any CPU
		{1F75F7F4-F3E1-475F-9654-BFDC45FB4A76}.Debug|Any CPU.ActiveCfg = Debug|Any CPU
		{1F75F7F4-F3E1-475F-9654-BFDC45FB4A76}.Debug|Any CPU.Build.0 = Debug|Any CPU
		{1F75F7F4-F3E1-475F-9654-BFDC45FB4A76}.Release|Any CPU.ActiveCfg = Release|Any CPU
		{1F75F7F4-F3E1-475F-9654-BFDC45FB4A76}.Release|Any CPU.Build.0 = Release|Any CPU
		{686CB91C-2C95-42B7-BF5B-938616816744}.Debug|Any CPU.ActiveCfg = Debug|Any CPU
		{686CB91C-2C95-42B7-BF5B-938616816744}.Debug|Any CPU.Build.0 = Debug|Any CPU
		{686CB91C-2C95-42B7-BF5B-938616816744}.Release|Any CPU.ActiveCfg = Release|Any CPU
		{686CB91C-2C95-42B7-BF5B-938616816744}.Release|Any CPU.Build.0 = Release|Any CPU
		{CB3D6C33-0378-4621-BA3B-888551571428}.Debug|Any CPU.ActiveCfg = Debug|Any CPU
		{CB3D6C33-0378-4621-BA3B-888551571428}.Debug|Any CPU.Build.0 = Debug|Any CPU
		{CB3D6C33-0378-4621-BA3B-888551571428}.Release|Any CPU.ActiveCfg = Release|Any CPU
		{CB3D6C33-0378-4621-BA3B-888551571428}.Release|Any CPU.Build.0 = Release|Any CPU
		{F8DAFC10-1565-4BD0-9B82-D6F161B07503}.Debug|Any CPU.ActiveCfg = Debug|Any CPU
		{F8DAFC10-1565-4BD0-9B82-D6F161B07503}.Debug|Any CPU.Build.0 = Debug|Any CPU
		{F8DAFC10-1565-4BD0-9B82-D6F161B07503}.Release|Any CPU.ActiveCfg = Release|Any CPU
		{F8DAFC10-1565-4BD0-9B82-D6F161B07503}.Release|Any CPU.Build.0 = Release|Any CPU
		{0061A201-03F8-4EF0-AB7C-A2156D69997E}.Debug|Any CPU.ActiveCfg = Debug|Any CPU
		{0061A201-03F8-4EF0-AB7C-A2156D69997E}.Debug|Any CPU.Build.0 = Debug|Any CPU
		{0061A201-03F8-4EF0-AB7C-A2156D69997E}.Release|Any CPU.ActiveCfg = Release|Any CPU
		{0061A201-03F8-4EF0-AB7C-A2156D69997E}.Release|Any CPU.Build.0 = Release|Any CPU
		{984F7328-3BB4-4B63-8CCA-709E60960C0B}.Debug|Any CPU.ActiveCfg = Debug|Any CPU
		{984F7328-3BB4-4B63-8CCA-709E60960C0B}.Debug|Any CPU.Build.0 = Debug|Any CPU
		{984F7328-3BB4-4B63-8CCA-709E60960C0B}.Release|Any CPU.ActiveCfg = Release|Any CPU
		{984F7328-3BB4-4B63-8CCA-709E60960C0B}.Release|Any CPU.Build.0 = Release|Any CPU
		{1074CFF3-C229-4504-89BC-0B0B83C2FB62}.Debug|Any CPU.ActiveCfg = Debug|Any CPU
		{1074CFF3-C229-4504-89BC-0B0B83C2FB62}.Debug|Any CPU.Build.0 = Debug|Any CPU
		{1074CFF3-C229-4504-89BC-0B0B83C2FB62}.Release|Any CPU.ActiveCfg = Release|Any CPU
		{1074CFF3-C229-4504-89BC-0B0B83C2FB62}.Release|Any CPU.Build.0 = Release|Any CPU
		{CD164C8A-8047-4610-8081-458774269000}.Debug|Any CPU.ActiveCfg = Debug|Any CPU
		{CD164C8A-8047-4610-8081-458774269000}.Debug|Any CPU.Build.0 = Debug|Any CPU
		{CD164C8A-8047-4610-8081-458774269000}.Release|Any CPU.ActiveCfg = Release|Any CPU
		{CD164C8A-8047-4610-8081-458774269000}.Release|Any CPU.Build.0 = Release|Any CPU
		{518707D4-1D8B-4B5C-B7A8-3390E2E75542}.Debug|Any CPU.ActiveCfg = Debug|Any CPU
		{518707D4-1D8B-4B5C-B7A8-3390E2E75542}.Debug|Any CPU.Build.0 = Debug|Any CPU
		{518707D4-1D8B-4B5C-B7A8-3390E2E75542}.Release|Any CPU.ActiveCfg = Release|Any CPU
		{518707D4-1D8B-4B5C-B7A8-3390E2E75542}.Release|Any CPU.Build.0 = Release|Any CPU
		{31D6F96B-0696-46B9-A61D-379AF6BDFEF7}.Debug|Any CPU.ActiveCfg = Debug|Any CPU
		{31D6F96B-0696-46B9-A61D-379AF6BDFEF7}.Debug|Any CPU.Build.0 = Debug|Any CPU
		{31D6F96B-0696-46B9-A61D-379AF6BDFEF7}.Release|Any CPU.ActiveCfg = Release|Any CPU
		{31D6F96B-0696-46B9-A61D-379AF6BDFEF7}.Release|Any CPU.Build.0 = Release|Any CPU
		{68128E8C-723A-40D0-9EE6-535FC62D4601}.Debug|Any CPU.ActiveCfg = Debug|Any CPU
		{68128E8C-723A-40D0-9EE6-535FC62D4601}.Debug|Any CPU.Build.0 = Debug|Any CPU
		{68128E8C-723A-40D0-9EE6-535FC62D4601}.Release|Any CPU.ActiveCfg = Release|Any CPU
		{68128E8C-723A-40D0-9EE6-535FC62D4601}.Release|Any CPU.Build.0 = Release|Any CPU
		{38DB7C76-FB26-48AE-87EF-9A5C9AE58D2A}.Debug|Any CPU.ActiveCfg = Debug|Any CPU
		{38DB7C76-FB26-48AE-87EF-9A5C9AE58D2A}.Debug|Any CPU.Build.0 = Debug|Any CPU
		{38DB7C76-FB26-48AE-87EF-9A5C9AE58D2A}.Release|Any CPU.ActiveCfg = Release|Any CPU
		{38DB7C76-FB26-48AE-87EF-9A5C9AE58D2A}.Release|Any CPU.Build.0 = Release|Any CPU
	EndGlobalSection
	GlobalSection(NestedProjects) = preSolution
		{95F0244D-8B11-47E8-88D6-081042FA4007} = {F1D6E860-8136-480E-A8AE-70601000040A}
		{9FDFD88B-A69B-4209-BE49-ABEBD54780F7} = {F1D6E860-8136-480E-A8AE-70601000040A}
		{ED166385-8414-4CC9-B52F-F0457DE7EAAB} = {F1D6E860-8136-480E-A8AE-70601000040A}
		{617499FD-88BC-4A2F-98A2-B9FCF9C7B39F} = {F1D6E860-8136-480E-A8AE-70601000040A}
		{A992C9C1-95C4-41E3-B689-5D30080415D0} = {F1D6E860-8136-480E-A8AE-70601000040A}
		{64A0A1B6-85D5-48B4-880D-8791B2D84D40} = {F1D6E860-8136-480E-A8AE-70601000040A}
		{1F75F7F4-F3E1-475F-9654-BFDC45FB4A76} = {F1D6E860-8136-480E-A8AE-70601000040A}
		{686CB91C-2C95-42B7-BF5B-938616816744} = {F1D6E860-8136-480E-A8AE-70601000040A}
		{CB3D6C33-0378-4621-BA3B-888551571428} = {F1D6E860-8136-480E-A8AE-70601000040A}
		{984F7328-3BB4-4B63-8CCA-709E60960C0B} = {BCC0B31E-0EB0-4260-9A6B-3BD2AA84E4C7}
		{1074CFF3-C229-4504-89BC-0B0B83C2FB62} = {4AC1F604-6BD0-4529-A854-C4CD32FA22DA}
		{CD164C8A-8047-4610-8081-458774269000} = {E0BEA75A-4C21-45A5-BC87-625C6A04EE4D}
		{518707D4-1D8B-4B5C-B7A8-3390E2E75542} = {F091D492-8003-4D74-8FAC-4C7AC26002DE}
		{31D6F96B-0696-46B9-A61D-379AF6BDFEF7} = {907A22BF-51AA-4196-B717-7A458B406DC7}
		{68128E8C-723A-40D0-9EE6-535FC62D4601} = {92B51AB1-E349-4DCA-B203-E85111C1C7B1}
		{38DB7C76-FB26-48AE-87EF-9A5C9AE58D2A} = {77BDC6C0-C1B9-45EA-A8EA-28A557EFBF49}
	EndGlobalSection
EndGlobal
